
Microsoft Visual Studio Solution File, Format Version 12.00
# Visual Studio Version 17
VisualStudioVersion = 17.14.36705.20 d17.14
MinimumVisualStudioVersion = 10.0.40219.1
Project("{FAE04EC0-301F-11D3-BF4B-00C04F79EFBC}") = "List of students", "List of students\List of students.csproj", "{844EDA94-D1E8-4ECD-BF6E-34824FF78D79}"
EndProject
Global
	GlobalSection(SolutionConfigurationPlatforms) = preSolution
		Debug|Any CPU = Debug|Any CPU
		Release|Any CPU = Release|Any CPU
	EndGlobalSection
	GlobalSection(ProjectConfigurationPlatforms) = postSolution
		{844EDA94-D1E8-4ECD-BF6E-34824FF78D79}.Debug|Any CPU.ActiveCfg = Debug|Any CPU
		{844EDA94-D1E8-4ECD-BF6E-34824FF78D79}.Debug|Any CPU.Build.0 = Debug|Any CPU
		{844EDA94-D1E8-4ECD-BF6E-34824FF78D79}.Release|Any CPU.ActiveCfg = Release|Any CPU
		{844EDA94-D1E8-4ECD-BF6E-34824FF78D79}.Release|Any CPU.Build.0 = Release|Any CPU
	EndGlobalSection
	GlobalSection(SolutionProperties) = preSolution
		HideSolutionNode = FALSE
	EndGlobalSection
	GlobalSection(ExtensibilityGlobals) = postSolution
		SolutionGuid = {420A6804-994B-4668-8399-DB4EB6759BD6}
	EndGlobalSection
EndGlobal
